
Microsoft Visual Studio Solution File, Format Version 12.00
# Visual Studio Version 17
VisualStudioVersion = 17.11.35312.102
MinimumVisualStudioVersion = 10.0.40219.1
Project("{888888A0-9F3D-457C-B088-3A5042F75D52}") = "My AI Powered game", "My AI Powered game\My AI Powered game.pyproj", "{2BE009D3-3011-4887-954A-9D833BE3361C}"
EndProject
Global
	GlobalSection(SolutionConfigurationPlatforms) = preSolution
		Debug|Any CPU = Debug|Any CPU
		Release|Any CPU = Release|Any CPU
	EndGlobalSection
	GlobalSection(ProjectConfigurationPlatforms) = postSolution
		{2BE009D3-3011-4887-954A-9D833BE3361C}.Debug|Any CPU.ActiveCfg = Debug|Any CPU
		{2BE009D3-3011-4887-954A-9D833BE3361C}.Release|Any CPU.ActiveCfg = Release|Any CPU
	EndGlobalSection
	GlobalSection(SolutionProperties) = preSolution
		HideSolutionNode = FALSE
	EndGlobalSection
	GlobalSection(ExtensibilityGlobals) = postSolution
		SolutionGuid = {663B0E23-F638-435A-928D-84FE8D5241F4}
	EndGlobalSection
EndGlobal
